
Microsoft Visual Studio Solution File, Format Version 12.00
# Visual Studio Version 17
VisualStudioVersion = 17.9.34902.65
MinimumVisualStudioVersion = 10.0.40219.1
Project("{FAE04EC0-301F-11D3-BF4B-00C04F79EFBC}") = "SA_AST", "SA_AST.csproj", "{FFF4B65B-660B-40FF-941C-CE9E3C37B1A5}"
EndProject
Global
	GlobalSection(SolutionConfigurationPlatforms) = preSolution
		Debug|Any CPU = Debug|Any CPU
		Release|Any CPU = Release|Any CPU
	EndGlobalSection
	GlobalSection(ProjectConfigurationPlatforms) = postSolution
		{FFF4B65B-660B-40FF-941C-CE9E3C37B1A5}.Debug|Any CPU.ActiveCfg = Debug|Any CPU
		{FFF4B65B-660B-40FF-941C-CE9E3C37B1A5}.Debug|Any CPU.Build.0 = Debug|Any CPU
		{FFF4B65B-660B-40FF-941C-CE9E3C37B1A5}.Release|Any CPU.ActiveCfg = Release|Any CPU
		{FFF4B65B-660B-40FF-941C-CE9E3C37B1A5}.Release|Any CPU.Build.0 = Release|Any CPU
	EndGlobalSection
	GlobalSection(SolutionProperties) = preSolution
		HideSolutionNode = FALSE
	EndGlobalSection
	GlobalSection(ExtensibilityGlobals) = postSolution
		SolutionGuid = {75A17CE6-9290-4B88-982A-BEB5F876B748}
	EndGlobalSection
EndGlobal
